
Microsoft Visual Studio Solution File, Format Version 12.00
# Visual Studio Version 16
VisualStudioVersion = 16.0.30309.148
MinimumVisualStudioVersion = 10.0.40219.1
Project("{9A19103F-16F7-4668-BE54-9A1E7A4F7556}") = "UserRegistration", "UserRegistration\UserRegistration.csproj", "{60895BF3-D143-4E4B-A556-53CA783290B0}"
EndProject
Project("{FAE04EC0-301F-11D3-BF4B-00C04F79EFBC}") = "UserRegistrationTest", "UserRegistrationTest\UserRegistrationTest.csproj", "{48CA1736-268A-4F02-8275-B28B4CBCF04C}"
EndProject
Global
	GlobalSection(SolutionConfigurationPlatforms) = preSolution
		Debug|Any CPU = Debug|Any CPU
		Release|Any CPU = Release|Any CPU
	EndGlobalSection
	GlobalSection(ProjectConfigurationPlatforms) = postSolution
		{60895BF3-D143-4E4B-A556-53CA783290B0}.Debug|Any CPU.ActiveCfg = Debug|Any CPU
		{60895BF3-D143-4E4B-A556-53CA783290B0}.Debug|Any CPU.Build.0 = Debug|Any CPU
		{60895BF3-D143-4E4B-A556-53CA783290B0}.Release|Any CPU.ActiveCfg = Release|Any CPU
		{60895BF3-D143-4E4B-A556-53CA783290B0}.Release|Any CPU.Build.0 = Release|Any CPU
		{48CA1736-268A-4F02-8275-B28B4CBCF04C}.Debug|Any CPU.ActiveCfg = Debug|Any CPU
		{48CA1736-268A-4F02-8275-B28B4CBCF04C}.Debug|Any CPU.Build.0 = Debug|Any CPU
		{48CA1736-268A-4F02-8275-B28B4CBCF04C}.Release|Any CPU.ActiveCfg = Release|Any CPU
		{48CA1736-268A-4F02-8275-B28B4CBCF04C}.Release|Any CPU.Build.0 = Release|Any CPU
	EndGlobalSection
	GlobalSection(SolutionProperties) = preSolution
		HideSolutionNode = FALSE
	EndGlobalSection
	GlobalSection(ExtensibilityGlobals) = postSolution
		SolutionGuid = {BBB0D4F7-CDD2-48AD-B985-DE5D1A69FA8E}
	EndGlobalSection
EndGlobal
